
Microsoft Visual Studio Solution File, Format Version 12.00
# Visual Studio Version 17
VisualStudioVersion = 17.0.31903.59
MinimumVisualStudioVersion = 10.0.40219.1
Project("{9A19103F-16F7-4668-BE54-9A1E7A4F7556}") = "TrieHard.Collections", "src\TrieHard.Collections\TrieHard.Collections.csproj", "{EE322673-03A3-4AAD-A068-230C810904FE}"
EndProject
Project("{9A19103F-16F7-4668-BE54-9A1E7A4F7556}") = "TrieHard.Benchmarks", "test\TriHard.Benchmarks\TrieHard.Benchmarks.csproj", "{213C1F0C-B1EC-4351-AC28-9A3185D808DC}"
EndProject
Project("{9A19103F-16F7-4668-BE54-9A1E7A4F7556}") = "TriHard.Tests", "test\TriHard.Tests\TriHard.Tests.csproj", "{1F2566AC-7965-41DE-B69E-E3C830C47461}"
EndProject
Project("{9A19103F-16F7-4668-BE54-9A1E7A4F7556}") = "TrieHard.Alternatives", "src\TrieHard.Alternatives\TrieHard.Alternatives.csproj", "{C1BE9F5D-7F17-4119-B34B-DD66D3B1D2FB}"
EndProject
Global
	GlobalSection(SolutionConfigurationPlatforms) = preSolution
		Debug|Any CPU = Debug|Any CPU
		Release|Any CPU = Release|Any CPU
	EndGlobalSection
	GlobalSection(ProjectConfigurationPlatforms) = postSolution
		{EE322673-03A3-4AAD-A068-230C810904FE}.Debug|Any CPU.ActiveCfg = Debug|Any CPU
		{EE322673-03A3-4AAD-A068-230C810904FE}.Debug|Any CPU.Build.0 = Debug|Any CPU
		{EE322673-03A3-4AAD-A068-230C810904FE}.Release|Any CPU.ActiveCfg = Release|Any CPU
		{EE322673-03A3-4AAD-A068-230C810904FE}.Release|Any CPU.Build.0 = Release|Any CPU
		{213C1F0C-B1EC-4351-AC28-9A3185D808DC}.Debug|Any CPU.ActiveCfg = Debug|Any CPU
		{213C1F0C-B1EC-4351-AC28-9A3185D808DC}.Debug|Any CPU.Build.0 = Debug|Any CPU
		{213C1F0C-B1EC-4351-AC28-9A3185D808DC}.Release|Any CPU.ActiveCfg = Release|Any CPU
		{213C1F0C-B1EC-4351-AC28-9A3185D808DC}.Release|Any CPU.Build.0 = Release|Any CPU
		{1F2566AC-7965-41DE-B69E-E3C830C47461}.Debug|Any CPU.ActiveCfg = Debug|Any CPU
		{1F2566AC-7965-41DE-B69E-E3C830C47461}.Debug|Any CPU.Build.0 = Debug|Any CPU
		{1F2566AC-7965-41DE-B69E-E3C830C47461}.Release|Any CPU.ActiveCfg = Release|Any CPU
		{1F2566AC-7965-41DE-B69E-E3C830C47461}.Release|Any CPU.Build.0 = Release|Any CPU
		{C1BE9F5D-7F17-4119-B34B-DD66D3B1D2FB}.Debug|Any CPU.ActiveCfg = Debug|Any CPU
		{C1BE9F5D-7F17-4119-B34B-DD66D3B1D2FB}.Debug|Any CPU.Build.0 = Debug|Any CPU
		{C1BE9F5D-7F17-4119-B34B-DD66D3B1D2FB}.Release|Any CPU.ActiveCfg = Release|Any CPU
		{C1BE9F5D-7F17-4119-B34B-DD66D3B1D2FB}.Release|Any CPU.Build.0 = Release|Any CPU
	EndGlobalSection
	GlobalSection(SolutionProperties) = preSolution
		HideSolutionNode = FALSE
	EndGlobalSection
	GlobalSection(ExtensibilityGlobals) = postSolution
		SolutionGuid = {CC0079F4-AB15-404A-9E71-EC7DD171DE60}
	EndGlobalSection
EndGlobal
